// !$*UTF8*$!
{
	archiveVersion = 1;
	classes = {
	};
	objectVersion = 50;
	objects = {

/* Begin PBXBuildFile section */
		4AC5DFFF2263242800326650 /* AppDelegate.swift in Sources */ = {isa = PBXBuildFile; fileRef = 4AC5DFFE2263242800326650 /* AppDelegate.swift */; };
		4AC5E0042263242800326650 /* Main.storyboard in Resources */ = {isa = PBXBuildFile; fileRef = 4AC5E0022263242800326650 /* Main.storyboard */; };
		4AC5E0062263242900326650 /* Assets.xcassets in Resources */ = {isa = PBXBuildFile; fileRef = 4AC5E0052263242900326650 /* Assets.xcassets */; };
		4AC5E0092263242900326650 /* LaunchScreen.storyboard in Resources */ = {isa = PBXBuildFile; fileRef = 4AC5E0072263242900326650 /* LaunchScreen.storyboard */; };
		4AC5E0142263242900326650 /* BluetoothPlaygroundTests.swift in Sources */ = {isa = PBXBuildFile; fileRef = 4AC5E0132263242900326650 /* BluetoothPlaygroundTests.swift */; };
		4AC5E020226324B700326650 /* BluetoothCentralViewController.swift in Sources */ = {isa = PBXBuildFile; fileRef = 4AC5E01F226324B700326650 /* BluetoothCentralViewController.swift */; };
		4AC5E022226324D000326650 /* BluetoothPeripheralViewController.swift in Sources */ = {isa = PBXBuildFile; fileRef = 4AC5E021226324D000326650 /* BluetoothPeripheralViewController.swift */; };
/* End PBXBuildFile section */

/* Begin PBXContainerItemProxy section */
		4AC5E0102263242900326650 /* PBXContainerItemProxy */ = {
			isa = PBXContainerItemProxy;
			containerPortal = 4AC5DFF32263242800326650 /* Project object */;
			proxyType = 1;
			remoteGlobalIDString = 4AC5DFFA2263242800326650;
			remoteInfo = BluetoothPlayground;
		};
/* End PBXContainerItemProxy section */

/* Begin PBXFileReference section */
		4AC5DFFB2263242800326650 /* BluetoothPlayground.app */ = {isa = PBXFileReference; explicitFileType = wrapper.application; includeInIndex = 0; path = BluetoothPlayground.app; sourceTree = BUILT_PRODUCTS_DIR; };
		4AC5DFFE2263242800326650 /* AppDelegate.swift */ = {isa = PBXFileReference; lastKnownFileType = sourcecode.swift; path = AppDelegate.swift; sourceTree = "<group>"; };
		4AC5E0032263242800326650 /* Base */ = {isa = PBXFileReference; lastKnownFileType = file.storyboard; name = Base; path = Base.lproj/Main.storyboard; sourceTree = "<group>"; };
		4AC5E0052263242900326650 /* Assets.xcassets */ = {isa = PBXFileReference; lastKnownFileType = folder.assetcatalog; path = Assets.xcassets; sourceTree = "<group>"; };
		4AC5E0082263242900326650 /* Base */ = {isa = PBXFileReference; lastKnownFileType = file.storyboard; name = Base; path = Base.lproj/LaunchScreen.storyboard; sourceTree = "<group>"; };
		4AC5E00A2263242900326650 /* Info.plist */ = {isa = PBXFileReference; lastKnownFileType = text.plist.xml; path = Info.plist; sourceTree = "<group>"; };
		4AC5E00F2263242900326650 /* BluetoothPlaygroundTests.xctest */ = {isa = PBXFileReference; explicitFileType = wrapper.cfbundle; includeInIndex = 0; path = BluetoothPlaygroundTests.xctest; sourceTree = BUILT_PRODUCTS_DIR; };
		4AC5E0132263242900326650 /* BluetoothPlaygroundTests.swift */ = {isa = PBXFileReference; lastKnownFileType = sourcecode.swift; path = BluetoothPlaygroundTests.swift; sourceTree = "<group>"; };
		4AC5E0152263242A00326650 /* Info.plist */ = {isa = PBXFileReference; lastKnownFileType = text.plist.xml; path = Info.plist; sourceTree = "<group>"; };
		4AC5E01F226324B700326650 /* BluetoothCentralViewController.swift */ = {isa = PBXFileReference; lastKnownFileType = sourcecode.swift; path = BluetoothCentralViewController.swift; sourceTree = "<group>"; };
		4AC5E021226324D000326650 /* BluetoothPeripheralViewController.swift */ = {isa = PBXFileReference; lastKnownFileType = sourcecode.swift; path = BluetoothPeripheralViewController.swift; sourceTree = "<group>"; };
/* End PBXFileReference section */

/* Begin PBXFrameworksBuildPhase section */
		4AC5DFF82263242800326650 /* Frameworks */ = {
			isa = PBXFrameworksBuildPhase;
			buildActionMask = 2147483647;
			files = (
			);
			runOnlyForDeploymentPostprocessing = 0;
		};
		4AC5E00C2263242900326650 /* Frameworks */ = {
			isa = PBXFrameworksBuildPhase;
			buildActionMask = 2147483647;
			files = (
			);
			runOnlyForDeploymentPostprocessing = 0;
		};
/* End PBXFrameworksBuildPhase section */

/* Begin PBXGroup section */
		4AC5DFF22263242800326650 = {
			isa = PBXGroup;
			children = (
				4AC5DFFD2263242800326650 /* BluetoothPlayground */,
				4AC5E0122263242900326650 /* BluetoothPlaygroundTests */,
				4AC5DFFC2263242800326650 /* Products */,
			);
			sourceTree = "<group>";
		};
		4AC5DFFC2263242800326650 /* Products */ = {
			isa = PBXGroup;
			children = (
				4AC5DFFB2263242800326650 /* BluetoothPlayground.app */,
				4AC5E00F2263242900326650 /* BluetoothPlaygroundTests.xctest */,
			);
			name = Products;
			sourceTree = "<group>";
		};
		4AC5DFFD2263242800326650 /* BluetoothPlayground */ = {
			isa = PBXGroup;
			children = (
				4AC5DFFE2263242800326650 /* AppDelegate.swift */,
				4AC5E01F226324B700326650 /* BluetoothCentralViewController.swift */,
				4AC5E021226324D000326650 /* BluetoothPeripheralViewController.swift */,
				4AC5E01E2263248700326650 /* Supporting Files */,
			);
			path = BluetoothPlayground;
			sourceTree = "<group>";
		};
		4AC5E0122263242900326650 /* BluetoothPlaygroundTests */ = {
			isa = PBXGroup;
			children = (
				4AC5E0132263242900326650 /* BluetoothPlaygroundTests.swift */,
				4AC5E0152263242A00326650 /* Info.plist */,
			);
			path = BluetoothPlaygroundTests;
			sourceTree = "<group>";
		};
		4AC5E01E2263248700326650 /* Supporting Files */ = {
			isa = PBXGroup;
			children = (
				4AC5E0022263242800326650 /* Main.storyboard */,
				4AC5E0052263242900326650 /* Assets.xcassets */,
				4AC5E0072263242900326650 /* LaunchScreen.storyboard */,
				4AC5E00A2263242900326650 /* Info.plist */,
			);
			path = "Supporting Files";
			sourceTree = "<group>";
		};
/* End PBXGroup section */

/* Begin PBXNativeTarget section */
		4AC5DFFA2263242800326650 /* BluetoothPlayground */ = {
			isa = PBXNativeTarget;
			buildConfigurationList = 4AC5E0182263242A00326650 /* Build configuration list for PBXNativeTarget "BluetoothPlayground" */;
			buildPhases = (
				4AC5DFF72263242800326650 /* Sources */,
				4AC5DFF82263242800326650 /* Frameworks */,
				4AC5DFF92263242800326650 /* Resources */,
			);
			buildRules = (
			);
			dependencies = (
			);
			name = BluetoothPlayground;
			productName = BluetoothPlayground;
			productReference = 4AC5DFFB2263242800326650 /* BluetoothPlayground.app */;
			productType = "com.apple.product-type.application";
		};
		4AC5E00E2263242900326650 /* BluetoothPlaygroundTests */ = {
			isa = PBXNativeTarget;
			buildConfigurationList = 4AC5E01B2263242A00326650 /* Build configuration list for PBXNativeTarget "BluetoothPlaygroundTests" */;
			buildPhases = (
				4AC5E00B2263242900326650 /* Sources */,
				4AC5E00C2263242900326650 /* Frameworks */,
				4AC5E00D2263242900326650 /* Resources */,
			);
			buildRules = (
			);
			dependencies = (
				4AC5E0112263242900326650 /* PBXTargetDependency */,
			);
			name = BluetoothPlaygroundTests;
			productName = BluetoothPlaygroundTests;
			productReference = 4AC5E00F2263242900326650 /* BluetoothPlaygroundTests.xctest */;
			productType = "com.apple.product-type.bundle.unit-test";
		};
/* End PBXNativeTarget section */

/* Begin PBXProject section */
		4AC5DFF32263242800326650 /* Project object */ = {
			isa = PBXProject;
			attributes = {
				LastSwiftUpdateCheck = 1020;
				LastUpgradeCheck = 1020;
				ORGANIZATIONNAME = "TAB (super.init)";
				TargetAttributes = {
					4AC5DFFA2263242800326650 = {
						CreatedOnToolsVersion = 10.2;
					};
					4AC5E00E2263242900326650 = {
						CreatedOnToolsVersion = 10.2;
						TestTargetID = 4AC5DFFA2263242800326650;
					};
				};
			};
			buildConfigurationList = 4AC5DFF62263242800326650 /* Build configuration list for PBXProject "BluetoothPlayground" */;
			compatibilityVersion = "Xcode 9.3";
			developmentRegion = en;
			hasScannedForEncodings = 0;
			knownRegions = (
				en,
				Base,
			);
			mainGroup = 4AC5DFF22263242800326650;
			productRefGroup = 4AC5DFFC2263242800326650 /* Products */;
			projectDirPath = "";
			projectRoot = "";
			targets = (
				4AC5DFFA2263242800326650 /* BluetoothPlayground */,
				4AC5E00E2263242900326650 /* BluetoothPlaygroundTests */,
			);
		};
/* End PBXProject section */

/* Begin PBXResourcesBuildPhase section */
		4AC5DFF92263242800326650 /* Resources */ = {
			isa = PBXResourcesBuildPhase;
			buildActionMask = 2147483647;
			files = (
				4AC5E0092263242900326650 /* LaunchScreen.storyboard in Resources */,
				4AC5E0062263242900326650 /* Assets.xcassets in Resources */,
				4AC5E0042263242800326650 /* Main.storyboard in Resources */,
			);
			runOnlyForDeploymentPostprocessing = 0;
		};
		4AC5E00D2263242900326650 /* Resources */ = {
			isa = PBXResourcesBuildPhase;
			buildActionMask = 2147483647;
			files = (
			);
			runOnlyForDeploymentPostprocessing = 0;
		};
/* End PBXResourcesBuildPhase section */

/* Begin PBXSourcesBuildPhase section */
		4AC5DFF72263242800326650 /* Sources */ = {
			isa = PBXSourcesBuildPhase;
			buildActionMask = 2147483647;
			files = (
				4AC5DFFF2263242800326650 /* AppDelegate.swift in Sources */,
				4AC5E020226324B700326650 /* BluetoothCentralViewController.swift in Sources */,
				4AC5E022226324D000326650 /* BluetoothPeripheralViewController.swift in Sources */,
			);
			runOnlyForDeploymentPostprocessing = 0;
		};
		4AC5E00B2263242900326650 /* Sources */ = {
			isa = PBXSourcesBuildPhase;
			buildActionMask = 2147483647;
			files = (
				4AC5E0142263242900326650 /* BluetoothPlaygroundTests.swift in Sources */,
			);
			runOnlyForDeploymentPostprocessing = 0;
		};
/* End PBXSourcesBuildPhase section */

/* Begin PBXTargetDependency section */
		4AC5E0112263242900326650 /* PBXTargetDependency */ = {
			isa = PBXTargetDependency;
			target = 4AC5DFFA2263242800326650 /* BluetoothPlayground */;
			targetProxy = 4AC5E0102263242900326650 /* PBXContainerItemProxy */;
		};
/* End PBXTargetDependency section */

/* Begin PBXVariantGroup section */
		4AC5E0022263242800326650 /* Main.storyboard */ = {
			isa = PBXVariantGroup;
			children = (
				4AC5E0032263242800326650 /* Base */,
			);
			name = Main.storyboard;
			sourceTree = "<group>";
		};
		4AC5E0072263242900326650 /* LaunchScreen.storyboard */ = {
			isa = PBXVariantGroup;
			children = (
				4AC5E0082263242900326650 /* Base */,
			);
			name = LaunchScreen.storyboard;
			sourceTree = "<group>";
		};
/* End PBXVariantGroup section */

/* Begin XCBuildConfiguration section */
		4AC5E0162263242A00326650 /* Debug */ = {
			isa = XCBuildConfiguration;
			buildSettings = {
				ALWAYS_SEARCH_USER_PATHS = NO;
				CLANG_ANALYZER_NONNULL = YES;
				CLANG_ANALYZER_NUMBER_OBJECT_CONVERSION = YES_AGGRESSIVE;
				CLANG_CXX_LANGUAGE_STANDARD = "gnu++14";
				CLANG_CXX_LIBRARY = "libc++";
				CLANG_ENABLE_MODULES = YES;
				CLANG_ENABLE_OBJC_ARC = YES;
				CLANG_ENABLE_OBJC_WEAK = YES;
				CLANG_WARN_BLOCK_CAPTURE_AUTORELEASING = YES;
				CLANG_WARN_BOOL_CONVERSION = YES;
				CLANG_WARN_COMMA = YES;
				CLANG_WARN_CONSTANT_CONVERSION = YES;
				CLANG_WARN_DEPRECATED_OBJC_IMPLEMENTATIONS = YES;
				CLANG_WARN_DIRECT_OBJC_ISA_USAGE = YES_ERROR;
				CLANG_WARN_DOCUMENTATION_COMMENTS = YES;
				CLANG_WARN_EMPTY_BODY = YES;
				CLANG_WARN_ENUM_CONVERSION = YES;
				CLANG_WARN_INFINITE_RECURSION = YES;
				CLANG_WARN_INT_CONVERSION = YES;
				CLANG_WARN_NON_LITERAL_NULL_CONVERSION = YES;
				CLANG_WARN_OBJC_IMPLICIT_RETAIN_SELF = YES;
				CLANG_WARN_OBJC_LITERAL_CONVERSION = YES;
				CLANG_WARN_OBJC_ROOT_CLASS = YES_ERROR;
				CLANG_WARN_RANGE_LOOP_ANALYSIS = YES;
				CLANG_WARN_STRICT_PROTOTYPES = YES;
				CLANG_WARN_SUSPICIOUS_MOVE = YES;
				CLANG_WARN_UNGUARDED_AVAILABILITY = YES_AGGRESSIVE;
				CLANG_WARN_UNREACHABLE_CODE = YES;
				CLANG_WARN__DUPLICATE_METHOD_MATCH = YES;
				CODE_SIGN_IDENTITY = "iPhone Developer";
				COPY_PHASE_STRIP = NO;
				DEBUG_INFORMATION_FORMAT = dwarf;
				ENABLE_STRICT_OBJC_MSGSEND = YES;
				ENABLE_TESTABILITY = YES;
				GCC_C_LANGUAGE_STANDARD = gnu11;
				GCC_DYNAMIC_NO_PIC = NO;
				GCC_NO_COMMON_BLOCKS = YES;
				GCC_OPTIMIZATION_LEVEL = 0;
				GCC_PREPROCESSOR_DEFINITIONS = (
					"DEBUG=1",
					"$(inherited)",
				);
				GCC_WARN_64_TO_32_BIT_CONVERSION = YES;
				GCC_WARN_ABOUT_RETURN_TYPE = YES_ERROR;
				GCC_WARN_UNDECLARED_SELECTOR = YES;
				GCC_WARN_UNINITIALIZED_AUTOS = YES_AGGRESSIVE;
				GCC_WARN_UNUSED_FUNCTION = YES;
				GCC_WARN_UNUSED_VARIABLE = YES;
				IPHONEOS_DEPLOYMENT_TARGET = 12.2;
				MTL_ENABLE_DEBUG_INFO = INCLUDE_SOURCE;
				MTL_FAST_MATH = YES;
				ONLY_ACTIVE_ARCH = YES;
				SDKROOT = iphoneos;
				SWIFT_ACTIVE_COMPILATION_CONDITIONS = DEBUG;
				SWIFT_OPTIMIZATION_LEVEL = "-Onone";
			};
			name = Debug;
		};
		4AC5E0172263242A00326650 /* Release */ = {
			isa = XCBuildConfiguration;
			buildSettings = {
				ALWAYS_SEARCH_USER_PATHS = NO;
				CLANG_ANALYZER_NONNULL = YES;
				CLANG_ANALYZER_NUMBER_OBJECT_CONVERSION = YES_AGGRESSIVE;
				CLANG_CXX_LANGUAGE_STANDARD = "gnu++14";
				CLANG_CXX_LIBRARY = "libc++";
				CLANG_ENABLE_MODULES = YES;
				CLANG_ENABLE_OBJC_ARC = YES;
				CLANG_ENABLE_OBJC_WEAK = YES;
				CLANG_WARN_BLOCK_CAPTURE_AUTORELEASING = YES;
				CLANG_WARN_BOOL_CONVERSION = YES;
				CLANG_WARN_COMMA = YES;
				CLANG_WARN_CONSTANT_CONVERSION = YES;
				CLANG_WARN_DEPRECATED_OBJC_IMPLEMENTATIONS = YES;
				CLANG_WARN_DIRECT_OBJC_ISA_USAGE = YES_ERROR;
				CLANG_WARN_DOCUMENTATION_COMMENTS = YES;
				CLANG_WARN_EMPTY_BODY = YES;
				CLANG_WARN_ENUM_CONVERSION = YES;
				CLANG_WARN_INFINITE_RECURSION = YES;
				CLANG_WARN_INT_CONVERSION = YES;
				CLANG_WARN_NON_LITERAL_NULL_CONVERSION = YES;
				CLANG_WARN_OBJC_IMPLICIT_RETAIN_SELF = YES;
				CLANG_WARN_OBJC_LITERAL_CONVERSION = YES;
				CLANG_WARN_OBJC_ROOT_CLASS = YES_ERROR;
				CLANG_WARN_RANGE_LOOP_ANALYSIS = YES;
				CLANG_WARN_STRICT_PROTOTYPES = YES;
				CLANG_WARN_SUSPICIOUS_MOVE = YES;
				CLANG_WARN_UNGUARDED_AVAILABILITY = YES_AGGRESSIVE;
				CLANG_WARN_UNREACHABLE_CODE = YES;
				CLANG_WARN__DUPLICATE_METHOD_MATCH = YES;
				CODE_SIGN_IDENTITY = "iPhone Developer";
				COPY_PHASE_STRIP = NO;
				DEBUG_INFORMATION_FORMAT = "dwarf-with-dsym";
				ENABLE_NS_ASSERTIONS = NO;
				ENABLE_STRICT_OBJC_MSGSEND = YES;
				GCC_C_LANGUAGE_STANDARD = gnu11;
				GCC_NO_COMMON_BLOCKS = YES;
				GCC_WARN_64_TO_32_BIT_CONVERSION = YES;
				GCC_WARN_ABOUT_RETURN_TYPE = YES_ERROR;
				GCC_WARN_UNDECLARED_SELECTOR = YES;
				GCC_WARN_UNINITIALIZED_AUTOS = YES_AGGRESSIVE;
				GCC_WARN_UNUSED_FUNCTION = YES;
				GCC_WARN_UNUSED_VARIABLE = YES;
				IPHONEOS_DEPLOYMENT_TARGET = 12.2;
				MTL_ENABLE_DEBUG_INFO = NO;
				MTL_FAST_MATH = YES;
				SDKROOT = iphoneos;
				SWIFT_COMPILATION_MODE = wholemodule;
				SWIFT_OPTIMIZATION_LEVEL = "-O";
				VALIDATE_PRODUCT = YES;
			};
			name = Release;
		};
		4AC5E0192263242A00326650 /* Debug */ = {
			isa = XCBuildConfiguration;
			buildSettings = {
				ASSETCATALOG_COMPILER_APPICON_NAME = AppIcon;
				CODE_SIGN_STYLE = Automatic;
				DEVELOPMENT_TEAM = W4RWGCG4Q4;
				INFOPLIST_FILE = BluetoothPlayground/Info.plist;
				LD_RUNPATH_SEARCH_PATHS = (
					"$(inherited)",
					"@executable_path/Frameworks",
				);
				PRODUCT_BUNDLE_IDENTIFIER = com.theappbusiness.BluetoothPlayground;
				PRODUCT_NAME = "$(TARGET_NAME)";
				SWIFT_VERSION = 5.0;
				TARGETED_DEVICE_FAMILY = "1,2";
			};
			name = Debug;
		};
		4AC5E01A2263242A00326650 /* Release */ = {
			isa = XCBuildConfiguration;
			buildSettings = {
				ASSETCATALOG_COMPILER_APPICON_NAME = AppIcon;
				CODE_SIGN_STYLE = Automatic;
				DEVELOPMENT_TEAM = W4RWGCG4Q4;
				INFOPLIST_FILE = BluetoothPlayground/Info.plist;
				LD_RUNPATH_SEARCH_PATHS = (
					"$(inherited)",
					"@executable_path/Frameworks",
				);
				PRODUCT_BUNDLE_IDENTIFIER = com.theappbusiness.BluetoothPlayground;
				PRODUCT_NAME = "$(TARGET_NAME)";
				SWIFT_VERSION = 5.0;
				TARGETED_DEVICE_FAMILY = "1,2";
			};
			name = Release;
		};
		4AC5E01C2263242A00326650 /* Debug */ = {
			isa = XCBuildConfiguration;
			buildSettings = {
				ALWAYS_EMBED_SWIFT_STANDARD_LIBRARIES = YES;
				BUNDLE_LOADER = "$(TEST_HOST)";
				CODE_SIGN_STYLE = Automatic;
				INFOPLIST_FILE = BluetoothPlaygroundTests/Info.plist;
				LD_RUNPATH_SEARCH_PATHS = (
					"$(inherited)",
					"@executable_path/Frameworks",
					"@loader_path/Frameworks",
				);
				PRODUCT_BUNDLE_IDENTIFIER = com.theappbusiness.BluetoothPlaygroundTests;
				PRODUCT_NAME = "$(TARGET_NAME)";
				SWIFT_VERSION = 5.0;
				TARGETED_DEVICE_FAMILY = "1,2";
				TEST_HOST = "$(BUILT_PRODUCTS_DIR)/BluetoothPlayground.app/BluetoothPlayground";
			};
			name = Debug;
		};
		4AC5E01D2263242A00326650 /* Release */ = {
			isa = XCBuildConfiguration;
			buildSettings = {
				ALWAYS_EMBED_SWIFT_STANDARD_LIBRARIES = YES;
				BUNDLE_LOADER = "$(TEST_HOST)";
				CODE_SIGN_STYLE = Automatic;
				INFOPLIST_FILE = BluetoothPlaygroundTests/Info.plist;
				LD_RUNPATH_SEARCH_PATHS = (
					"$(inherited)",
					"@executable_path/Frameworks",
					"@loader_path/Frameworks",
				);
				PRODUCT_BUNDLE_IDENTIFIER = com.theappbusiness.BluetoothPlaygroundTests;
				PRODUCT_NAME = "$(TARGET_NAME)";
				SWIFT_VERSION = 5.0;
				TARGETED_DEVICE_FAMILY = "1,2";
				TEST_HOST = "$(BUILT_PRODUCTS_DIR)/BluetoothPlayground.app/BluetoothPlayground";
			};
			name = Release;
		};
/* End XCBuildConfiguration section */

/* Begin XCConfigurationList section */
		4AC5DFF62263242800326650 /* Build configuration list for PBXProject "BluetoothPlayground" */ = {
			isa = XCConfigurationList;
			buildConfigurations = (
				4AC5E0162263242A00326650 /* Debug */,
				4AC5E0172263242A00326650 /* Release */,
			);
			defaultConfigurationIsVisible = 0;
			defaultConfigurationName = Release;
		};
		4AC5E0182263242A00326650 /* Build configuration list for PBXNativeTarget "BluetoothPlayground" */ = {
			isa = XCConfigurationList;
			buildConfigurations = (
				4AC5E0192263242A00326650 /* Debug */,
				4AC5E01A2263242A00326650 /* Release */,
			);
			defaultConfigurationIsVisible = 0;
			defaultConfigurationName = Release;
		};
		4AC5E01B2263242A00326650 /* Build configuration list for PBXNativeTarget "BluetoothPlaygroundTests" */ = {
			isa = XCConfigurationList;
			buildConfigurations = (
				4AC5E01C2263242A00326650 /* Debug */,
				4AC5E01D2263242A00326650 /* Release */,
			);
			defaultConfigurationIsVisible = 0;
			defaultConfigurationName = Release;
		};
/* End XCConfigurationList section */
	};
	rootObject = 4AC5DFF32263242800326650 /* Project object */;
}
